{
    "_readme": [
        "This file locks the dependencies of your project to a known state",
        "Read more about it at https://getcomposer.org/doc/01-basic-usage.md#installing-dependencies",
        "This file is @generated automatically"
    ],
    "content-hash": "46632f2e49d5d3d08a4c54d6cdc8b8a6",
    "packages": [
        {
            "name": "ramytalal/label-printer",
            "version": "1.2.0",
            "source": {
                "type": "git",
                "url": "https://github.com/RamyTalal/Label-Printer.git",
                "reference": "0f389bd0cde97907c273d399d54892a532b3c7cc"
            },
            "dist": {
                "type": "zip",
                "url": "https://api.github.com/repos/RamyTalal/Label-Printer/zipball/0f389bd0cde97907c273d399d54892a532b3c7cc",
                "reference": "0f389bd0cde97907c273d399d54892a532b3c7cc",
                "shasum": ""
            },
            "require": {
                "php": ">=5.5.9"
            },
            "require-dev": {
                "phpunit/phpunit": "~4.0",
                "scrutinizer/ocular": "~1.1",
                "squizlabs/php_codesniffer": "~2.3"
            },
            "type": "library",
            "autoload": {
                "psr-4": {
                    "Talal\\LabelPrinter\\": "src/"
                }
            },
            "notification-url": "https://packagist.org/downloads/",
            "license": [
                "MIT"
            ],
            "authors": [
                {
                    "name": "Ramy Talal",
                    "email": "ramy@thinkquality.nl",
                    "homepage": "https://thinkquality.nl"
                }
            ],
            "description": "An implementation of the Brother label printer API.",
            "homepage": "https://github.com/RamyTalal/Label-Printer",
            "keywords": [
                "brother",
                "label",
                "label printer",
                "printer"
            ],
            "support": {
                "issues": "https://github.com/RamyTalal/Label-Printer/issues",
                "source": "https://github.com/RamyTalal/Label-Printer/tree/1.2.0"
            },
            "time": "2023-09-23T14:04:08+00:00"
        }
    ],
    "packages-dev": [],
    "aliases": [],
    "minimum-stability": "stable",
    "stability-flags": [],
    "prefer-stable": false,
    "prefer-lowest": false,
    "platform": [],
    "platform-dev": [],
    "plugin-api-version": "2.6.0"
}
